// !$*UTF8*$!
{
	archiveVersion = 1;
	classes = {
	};
	objectVersion = 48;
	objects = {

/* Begin PBXBuildFile section */
		160698BE1F80DE5F00C98ED1 /* UserConfiguration.swift in Sources */ = {isa = PBXBuildFile; fileRef = 160698BD1F80DE5F00C98ED1 /* UserConfiguration.swift */; };
		160698C11F80E32700C98ED1 /* UserConfigJSONModel.swift in Sources */ = {isa = PBXBuildFile; fileRef = 160698C01F80E32700C98ED1 /* UserConfigJSONModel.swift */; };
		160698C31F80E40600C98ED1 /* RocketWidget.swift in Sources */ = {isa = PBXBuildFile; fileRef = 160698C21F80E40600C98ED1 /* RocketWidget.swift */; };
		160698E41F81263D00C98ED1 /* RocketRequests.swift in Sources */ = {isa = PBXBuildFile; fileRef = 160698E31F81263D00C98ED1 /* RocketRequests.swift */; };
		160698E71F8127D900C98ED1 /* RequestRelatedEnums.swift in Sources */ = {isa = PBXBuildFile; fileRef = 160698E61F8127D900C98ED1 /* RequestRelatedEnums.swift */; };
		160698E91F81281300C98ED1 /* RocketResponseModels.swift in Sources */ = {isa = PBXBuildFile; fileRef = 160698E81F81281300C98ED1 /* RocketResponseModels.swift */; };
		160698EB1F812A6E00C98ED1 /* SwiftMD5.swift in Sources */ = {isa = PBXBuildFile; fileRef = 160698EA1F812A6E00C98ED1 /* SwiftMD5.swift */; };
		160698EE1F812B0F00C98ED1 /* StringMD5.swift in Sources */ = {isa = PBXBuildFile; fileRef = 160698ED1F812B0F00C98ED1 /* StringMD5.swift */; };
		160698F01F812C1F00C98ED1 /* TimeIntervalToString.swift in Sources */ = {isa = PBXBuildFile; fileRef = 160698EF1F812C1F00C98ED1 /* TimeIntervalToString.swift */; };
		165E17991F80038E00A29319 /* AppDelegate.swift in Sources */ = {isa = PBXBuildFile; fileRef = 165E17981F80038E00A29319 /* AppDelegate.swift */; };
		165E179B1F80038E00A29319 /* ViewController.swift in Sources */ = {isa = PBXBuildFile; fileRef = 165E179A1F80038E00A29319 /* ViewController.swift */; };
		165E179D1F80038E00A29319 /* Assets.xcassets in Resources */ = {isa = PBXBuildFile; fileRef = 165E179C1F80038E00A29319 /* Assets.xcassets */; };
		165E17A01F80038E00A29319 /* Main.storyboard in Resources */ = {isa = PBXBuildFile; fileRef = 165E179E1F80038E00A29319 /* Main.storyboard */; };
		16626E711F814B720024EC6E /* DoubleThousandsFormatting.swift in Sources */ = {isa = PBXBuildFile; fileRef = 16626E701F814B720024EC6E /* DoubleThousandsFormatting.swift */; };
		16626E731F814BB50024EC6E /* IntTimeFormatting.swift in Sources */ = {isa = PBXBuildFile; fileRef = 16626E721F814BB50024EC6E /* IntTimeFormatting.swift */; };
		16626E771F814E970024EC6E /* StringToCurrencySymbol.swift in Sources */ = {isa = PBXBuildFile; fileRef = 16626E761F814E970024EC6E /* StringToCurrencySymbol.swift */; };
		16626E791F8165460024EC6E /* ImageManager.swift in Sources */ = {isa = PBXBuildFile; fileRef = 16626E781F8165460024EC6E /* ImageManager.swift */; };
		16626E7B1F82AD890024EC6E /* WidgetCashouts.swift in Sources */ = {isa = PBXBuildFile; fileRef = 16626E7A1F82AD890024EC6E /* WidgetCashouts.swift */; };
		168B94CF1F82B5C4007E15DF /* StringToAttributedString.swift in Sources */ = {isa = PBXBuildFile; fileRef = 168B94CE1F82B5C4007E15DF /* StringToAttributedString.swift */; };
		16ACC2401F8A11170097EF09 /* StringTruncate.swift in Sources */ = {isa = PBXBuildFile; fileRef = 16ACC23F1F8A11160097EF09 /* StringTruncate.swift */; };
/* End PBXBuildFile section */

/* Begin PBXFileReference section */
		160698BD1F80DE5F00C98ED1 /* UserConfiguration.swift */ = {isa = PBXFileReference; lastKnownFileType = sourcecode.swift; path = UserConfiguration.swift; sourceTree = "<group>"; };
		160698C01F80E32700C98ED1 /* UserConfigJSONModel.swift */ = {isa = PBXFileReference; lastKnownFileType = sourcecode.swift; path = UserConfigJSONModel.swift; sourceTree = "<group>"; };
		160698C21F80E40600C98ED1 /* RocketWidget.swift */ = {isa = PBXFileReference; lastKnownFileType = sourcecode.swift; path = RocketWidget.swift; sourceTree = "<group>"; };
		160698E31F81263D00C98ED1 /* RocketRequests.swift */ = {isa = PBXFileReference; lastKnownFileType = sourcecode.swift; path = RocketRequests.swift; sourceTree = "<group>"; };
		160698E61F8127D900C98ED1 /* RequestRelatedEnums.swift */ = {isa = PBXFileReference; lastKnownFileType = sourcecode.swift; path = RequestRelatedEnums.swift; sourceTree = "<group>"; };
		160698E81F81281300C98ED1 /* RocketResponseModels.swift */ = {isa = PBXFileReference; lastKnownFileType = sourcecode.swift; path = RocketResponseModels.swift; sourceTree = "<group>"; };
		160698EA1F812A6E00C98ED1 /* SwiftMD5.swift */ = {isa = PBXFileReference; lastKnownFileType = sourcecode.swift; path = SwiftMD5.swift; sourceTree = "<group>"; };
		160698ED1F812B0F00C98ED1 /* StringMD5.swift */ = {isa = PBXFileReference; lastKnownFileType = sourcecode.swift; path = StringMD5.swift; sourceTree = "<group>"; };
		160698EF1F812C1F00C98ED1 /* TimeIntervalToString.swift */ = {isa = PBXFileReference; lastKnownFileType = sourcecode.swift; path = TimeIntervalToString.swift; sourceTree = "<group>"; };
		165E17951F80038E00A29319 /* RocketWidget.app */ = {isa = PBXFileReference; explicitFileType = wrapper.application; includeInIndex = 0; path = RocketWidget.app; sourceTree = BUILT_PRODUCTS_DIR; };
		165E17981F80038E00A29319 /* AppDelegate.swift */ = {isa = PBXFileReference; lastKnownFileType = sourcecode.swift; path = AppDelegate.swift; sourceTree = "<group>"; };
		165E179A1F80038E00A29319 /* ViewController.swift */ = {isa = PBXFileReference; lastKnownFileType = sourcecode.swift; path = ViewController.swift; sourceTree = "<group>"; };
		165E179C1F80038E00A29319 /* Assets.xcassets */ = {isa = PBXFileReference; lastKnownFileType = folder.assetcatalog; path = Assets.xcassets; sourceTree = "<group>"; };
		165E179F1F80038E00A29319 /* Base */ = {isa = PBXFileReference; lastKnownFileType = file.storyboard; name = Base; path = Base.lproj/Main.storyboard; sourceTree = "<group>"; };
		165E17A11F80038E00A29319 /* Info.plist */ = {isa = PBXFileReference; lastKnownFileType = text.plist.xml; path = Info.plist; sourceTree = "<group>"; };
		165E17A21F80038E00A29319 /* RocketWidget.entitlements */ = {isa = PBXFileReference; lastKnownFileType = text.plist.entitlements; path = RocketWidget.entitlements; sourceTree = "<group>"; };
		16626E701F814B720024EC6E /* DoubleThousandsFormatting.swift */ = {isa = PBXFileReference; lastKnownFileType = sourcecode.swift; path = DoubleThousandsFormatting.swift; sourceTree = "<group>"; };
		16626E721F814BB50024EC6E /* IntTimeFormatting.swift */ = {isa = PBXFileReference; lastKnownFileType = sourcecode.swift; path = IntTimeFormatting.swift; sourceTree = "<group>"; };
		16626E761F814E970024EC6E /* StringToCurrencySymbol.swift */ = {isa = PBXFileReference; lastKnownFileType = sourcecode.swift; path = StringToCurrencySymbol.swift; sourceTree = "<group>"; };
		16626E781F8165460024EC6E /* ImageManager.swift */ = {isa = PBXFileReference; lastKnownFileType = sourcecode.swift; path = ImageManager.swift; sourceTree = "<group>"; };
		16626E7A1F82AD890024EC6E /* WidgetCashouts.swift */ = {isa = PBXFileReference; lastKnownFileType = sourcecode.swift; path = WidgetCashouts.swift; sourceTree = "<group>"; };
		168B94CE1F82B5C4007E15DF /* StringToAttributedString.swift */ = {isa = PBXFileReference; lastKnownFileType = sourcecode.swift; path = StringToAttributedString.swift; sourceTree = "<group>"; };
		16ACC23F1F8A11160097EF09 /* StringTruncate.swift */ = {isa = PBXFileReference; lastKnownFileType = sourcecode.swift; path = StringTruncate.swift; sourceTree = "<group>"; };
/* End PBXFileReference section */

/* Begin PBXFrameworksBuildPhase section */
		165E17921F80038E00A29319 /* Frameworks */ = {
			isa = PBXFrameworksBuildPhase;
			buildActionMask = 2147483647;
			files = (
			);
			runOnlyForDeploymentPostprocessing = 0;
		};
/* End PBXFrameworksBuildPhase section */

/* Begin PBXGroup section */
		160698B91F80207C00C98ED1 /* View Controllers */ = {
			isa = PBXGroup;
			children = (
				165E179A1F80038E00A29319 /* ViewController.swift */,
			);
			path = "View Controllers";
			sourceTree = "<group>";
		};
		160698BA1F8020A700C98ED1 /* Supporting Files */ = {
			isa = PBXGroup;
			children = (
				165E17A11F80038E00A29319 /* Info.plist */,
				165E17A21F80038E00A29319 /* RocketWidget.entitlements */,
			);
			path = "Supporting Files";
			sourceTree = "<group>";
		};
		160698BB1F8020E500C98ED1 /* Model */ = {
			isa = PBXGroup;
			children = (
				160698C21F80E40600C98ED1 /* RocketWidget.swift */,
				160698EA1F812A6E00C98ED1 /* SwiftMD5.swift */,
				160698E21F8125FF00C98ED1 /* Data Managers */,
				160698BC1F80DE2200C98ED1 /* Structs */,
				160698E51F81279900C98ED1 /* Enums */,
				160698EC1F812AE000C98ED1 /* Extensions */,
				165E179C1F80038E00A29319 /* Assets.xcassets */,
				165E179E1F80038E00A29319 /* Main.storyboard */,
			);
			path = Model;
			sourceTree = "<group>";
		};
		160698BC1F80DE2200C98ED1 /* Structs */ = {
			isa = PBXGroup;
			children = (
				160698BD1F80DE5F00C98ED1 /* UserConfiguration.swift */,
				160698BF1F80E2F600C98ED1 /* JSONTemplates */,
			);
			path = Structs;
			sourceTree = "<group>";
		};
		160698BF1F80E2F600C98ED1 /* JSONTemplates */ = {
			isa = PBXGroup;
			children = (
				160698C01F80E32700C98ED1 /* UserConfigJSONModel.swift */,
				160698E81F81281300C98ED1 /* RocketResponseModels.swift */,
			);
			path = JSONTemplates;
			sourceTree = "<group>";
		};
		160698E21F8125FF00C98ED1 /* Data Managers */ = {
			isa = PBXGroup;
			children = (
				160698E31F81263D00C98ED1 /* RocketRequests.swift */,
				16626E781F8165460024EC6E /* ImageManager.swift */,
			);
			path = "Data Managers";
			sourceTree = "<group>";
		};
		160698E51F81279900C98ED1 /* Enums */ = {
			isa = PBXGroup;
			children = (
				160698E61F8127D900C98ED1 /* RequestRelatedEnums.swift */,
			);
			path = Enums;
			sourceTree = "<group>";
		};
		160698EC1F812AE000C98ED1 /* Extensions */ = {
			isa = PBXGroup;
			children = (
				16626E701F814B720024EC6E /* DoubleThousandsFormatting.swift */,
				16626E721F814BB50024EC6E /* IntTimeFormatting.swift */,
				160698ED1F812B0F00C98ED1 /* StringMD5.swift */,
				168B94CE1F82B5C4007E15DF /* StringToAttributedString.swift */,
				16626E761F814E970024EC6E /* StringToCurrencySymbol.swift */,
				16ACC23F1F8A11160097EF09 /* StringTruncate.swift */,
				160698EF1F812C1F00C98ED1 /* TimeIntervalToString.swift */,
				16626E7A1F82AD890024EC6E /* WidgetCashouts.swift */,
			);
			path = Extensions;
			sourceTree = "<group>";
		};
		165E178C1F80038E00A29319 = {
			isa = PBXGroup;
			children = (
				165E17971F80038E00A29319 /* RocketWidget */,
				165E17961F80038E00A29319 /* Products */,
			);
			sourceTree = "<group>";
		};
		165E17961F80038E00A29319 /* Products */ = {
			isa = PBXGroup;
			children = (
				165E17951F80038E00A29319 /* RocketWidget.app */,
			);
			name = Products;
			sourceTree = "<group>";
		};
		165E17971F80038E00A29319 /* RocketWidget */ = {
			isa = PBXGroup;
			children = (
				165E17981F80038E00A29319 /* AppDelegate.swift */,
				160698B91F80207C00C98ED1 /* View Controllers */,
				160698BB1F8020E500C98ED1 /* Model */,
				160698BA1F8020A700C98ED1 /* Supporting Files */,
			);
			path = RocketWidget;
			sourceTree = "<group>";
		};
/* End PBXGroup section */

/* Begin PBXNativeTarget section */
		165E17941F80038E00A29319 /* RocketWidget */ = {
			isa = PBXNativeTarget;
			buildConfigurationList = 165E17A51F80038E00A29319 /* Build configuration list for PBXNativeTarget "RocketWidget" */;
			buildPhases = (
				165E17911F80038E00A29319 /* Sources */,
				165E17921F80038E00A29319 /* Frameworks */,
				165E17931F80038E00A29319 /* Resources */,
			);
			buildRules = (
			);
			dependencies = (
			);
			name = RocketWidget;
			productName = RocketWidget;
			productReference = 165E17951F80038E00A29319 /* RocketWidget.app */;
			productType = "com.apple.product-type.application";
		};
/* End PBXNativeTarget section */

/* Begin PBXProject section */
		165E178D1F80038E00A29319 /* Project object */ = {
			isa = PBXProject;
			attributes = {
				LastSwiftUpdateCheck = 0900;
				LastUpgradeCheck = 0900;
				ORGANIZATIONNAME = "Suren Khorenyan";
				TargetAttributes = {
					165E17941F80038E00A29319 = {
						CreatedOnToolsVersion = 9.0;
						ProvisioningStyle = Automatic;
					};
				};
			};
			buildConfigurationList = 165E17901F80038E00A29319 /* Build configuration list for PBXProject "RocketWidget" */;
			compatibilityVersion = "Xcode 8.0";
			developmentRegion = en;
			hasScannedForEncodings = 0;
			knownRegions = (
				en,
				Base,
			);
			mainGroup = 165E178C1F80038E00A29319;
			productRefGroup = 165E17961F80038E00A29319 /* Products */;
			projectDirPath = "";
			projectRoot = "";
			targets = (
				165E17941F80038E00A29319 /* RocketWidget */,
			);
		};
/* End PBXProject section */

/* Begin PBXResourcesBuildPhase section */
		165E17931F80038E00A29319 /* Resources */ = {
			isa = PBXResourcesBuildPhase;
			buildActionMask = 2147483647;
			files = (
				165E179D1F80038E00A29319 /* Assets.xcassets in Resources */,
				165E17A01F80038E00A29319 /* Main.storyboard in Resources */,
			);
			runOnlyForDeploymentPostprocessing = 0;
		};
/* End PBXResourcesBuildPhase section */

/* Begin PBXSourcesBuildPhase section */
		165E17911F80038E00A29319 /* Sources */ = {
			isa = PBXSourcesBuildPhase;
			buildActionMask = 2147483647;
			files = (
				160698E91F81281300C98ED1 /* RocketResponseModels.swift in Sources */,
				168B94CF1F82B5C4007E15DF /* StringToAttributedString.swift in Sources */,
				16626E711F814B720024EC6E /* DoubleThousandsFormatting.swift in Sources */,
				16626E771F814E970024EC6E /* StringToCurrencySymbol.swift in Sources */,
				160698C31F80E40600C98ED1 /* RocketWidget.swift in Sources */,
				160698F01F812C1F00C98ED1 /* TimeIntervalToString.swift in Sources */,
				16ACC2401F8A11170097EF09 /* StringTruncate.swift in Sources */,
				160698E41F81263D00C98ED1 /* RocketRequests.swift in Sources */,
				16626E791F8165460024EC6E /* ImageManager.swift in Sources */,
				160698C11F80E32700C98ED1 /* UserConfigJSONModel.swift in Sources */,
				160698BE1F80DE5F00C98ED1 /* UserConfiguration.swift in Sources */,
				16626E731F814BB50024EC6E /* IntTimeFormatting.swift in Sources */,
				160698EE1F812B0F00C98ED1 /* StringMD5.swift in Sources */,
				165E179B1F80038E00A29319 /* ViewController.swift in Sources */,
				160698E71F8127D900C98ED1 /* RequestRelatedEnums.swift in Sources */,
				16626E7B1F82AD890024EC6E /* WidgetCashouts.swift in Sources */,
				160698EB1F812A6E00C98ED1 /* SwiftMD5.swift in Sources */,
				165E17991F80038E00A29319 /* AppDelegate.swift in Sources */,
			);
			runOnlyForDeploymentPostprocessing = 0;
		};
/* End PBXSourcesBuildPhase section */

/* Begin PBXVariantGroup section */
		165E179E1F80038E00A29319 /* Main.storyboard */ = {
			isa = PBXVariantGroup;
			children = (
				165E179F1F80038E00A29319 /* Base */,
			);
			name = Main.storyboard;
			sourceTree = "<group>";
		};
/* End PBXVariantGroup section */

/* Begin XCBuildConfiguration section */
		165E17A31F80038E00A29319 /* Debug */ = {
			isa = XCBuildConfiguration;
			buildSettings = {
				ALWAYS_SEARCH_USER_PATHS = NO;
				CLANG_ANALYZER_NONNULL = YES;
				CLANG_ANALYZER_NUMBER_OBJECT_CONVERSION = YES_AGGRESSIVE;
				CLANG_CXX_LANGUAGE_STANDARD = "gnu++14";
				CLANG_CXX_LIBRARY = "libc++";
				CLANG_ENABLE_MODULES = YES;
				CLANG_ENABLE_OBJC_ARC = YES;
				CLANG_WARN_BLOCK_CAPTURE_AUTORELEASING = YES;
				CLANG_WARN_BOOL_CONVERSION = YES;
				CLANG_WARN_COMMA = YES;
				CLANG_WARN_CONSTANT_CONVERSION = YES;
				CLANG_WARN_DIRECT_OBJC_ISA_USAGE = YES_ERROR;
				CLANG_WARN_DOCUMENTATION_COMMENTS = YES;
				CLANG_WARN_EMPTY_BODY = YES;
				CLANG_WARN_ENUM_CONVERSION = YES;
				CLANG_WARN_INFINITE_RECURSION = YES;
				CLANG_WARN_INT_CONVERSION = YES;
				CLANG_WARN_NON_LITERAL_NULL_CONVERSION = YES;
				CLANG_WARN_OBJC_LITERAL_CONVERSION = YES;
				CLANG_WARN_OBJC_ROOT_CLASS = YES_ERROR;
				CLANG_WARN_RANGE_LOOP_ANALYSIS = YES;
				CLANG_WARN_STRICT_PROTOTYPES = YES;
				CLANG_WARN_SUSPICIOUS_MOVE = YES;
				CLANG_WARN_UNGUARDED_AVAILABILITY = YES_AGGRESSIVE;
				CLANG_WARN_UNREACHABLE_CODE = YES;
				CLANG_WARN__DUPLICATE_METHOD_MATCH = YES;
				CODE_SIGN_IDENTITY = "Mac Developer";
				COPY_PHASE_STRIP = NO;
				DEBUG_INFORMATION_FORMAT = dwarf;
				ENABLE_STRICT_OBJC_MSGSEND = YES;
				ENABLE_TESTABILITY = YES;
				GCC_C_LANGUAGE_STANDARD = gnu11;
				GCC_DYNAMIC_NO_PIC = NO;
				GCC_NO_COMMON_BLOCKS = YES;
				GCC_OPTIMIZATION_LEVEL = 0;
				GCC_PREPROCESSOR_DEFINITIONS = (
					"DEBUG=1",
					"$(inherited)",
				);
				GCC_WARN_64_TO_32_BIT_CONVERSION = YES;
				GCC_WARN_ABOUT_RETURN_TYPE = YES_ERROR;
				GCC_WARN_UNDECLARED_SELECTOR = YES;
				GCC_WARN_UNINITIALIZED_AUTOS = YES_AGGRESSIVE;
				GCC_WARN_UNUSED_FUNCTION = YES;
				GCC_WARN_UNUSED_VARIABLE = YES;
				MACOSX_DEPLOYMENT_TARGET = 10.12;
				MTL_ENABLE_DEBUG_INFO = YES;
				ONLY_ACTIVE_ARCH = YES;
				SDKROOT = macosx;
				SWIFT_ACTIVE_COMPILATION_CONDITIONS = DEBUG;
				SWIFT_OPTIMIZATION_LEVEL = "-Onone";
			};
			name = Debug;
		};
		165E17A41F80038E00A29319 /* Release */ = {
			isa = XCBuildConfiguration;
			buildSettings = {
				ALWAYS_SEARCH_USER_PATHS = NO;
				CLANG_ANALYZER_NONNULL = YES;
				CLANG_ANALYZER_NUMBER_OBJECT_CONVERSION = YES_AGGRESSIVE;
				CLANG_CXX_LANGUAGE_STANDARD = "gnu++14";
				CLANG_CXX_LIBRARY = "libc++";
				CLANG_ENABLE_MODULES = YES;
				CLANG_ENABLE_OBJC_ARC = YES;
				CLANG_WARN_BLOCK_CAPTURE_AUTORELEASING = YES;
				CLANG_WARN_BOOL_CONVERSION = YES;
				CLANG_WARN_COMMA = YES;
				CLANG_WARN_CONSTANT_CONVERSION = YES;
				CLANG_WARN_DIRECT_OBJC_ISA_USAGE = YES_ERROR;
				CLANG_WARN_DOCUMENTATION_COMMENTS = YES;
				CLANG_WARN_EMPTY_BODY = YES;
				CLANG_WARN_ENUM_CONVERSION = YES;
				CLANG_WARN_INFINITE_RECURSION = YES;
				CLANG_WARN_INT_CONVERSION = YES;
				CLANG_WARN_NON_LITERAL_NULL_CONVERSION = YES;
				CLANG_WARN_OBJC_LITERAL_CONVERSION = YES;
				CLANG_WARN_OBJC_ROOT_CLASS = YES_ERROR;
				CLANG_WARN_RANGE_LOOP_ANALYSIS = YES;
				CLANG_WARN_STRICT_PROTOTYPES = YES;
				CLANG_WARN_SUSPICIOUS_MOVE = YES;
				CLANG_WARN_UNGUARDED_AVAILABILITY = YES_AGGRESSIVE;
				CLANG_WARN_UNREACHABLE_CODE = YES;
				CLANG_WARN__DUPLICATE_METHOD_MATCH = YES;
				CODE_SIGN_IDENTITY = "Mac Developer";
				COPY_PHASE_STRIP = NO;
				DEBUG_INFORMATION_FORMAT = "dwarf-with-dsym";
				ENABLE_NS_ASSERTIONS = NO;
				ENABLE_STRICT_OBJC_MSGSEND = YES;
				GCC_C_LANGUAGE_STANDARD = gnu11;
				GCC_NO_COMMON_BLOCKS = YES;
				GCC_WARN_64_TO_32_BIT_CONVERSION = YES;
				GCC_WARN_ABOUT_RETURN_TYPE = YES_ERROR;
				GCC_WARN_UNDECLARED_SELECTOR = YES;
				GCC_WARN_UNINITIALIZED_AUTOS = YES_AGGRESSIVE;
				GCC_WARN_UNUSED_FUNCTION = YES;
				GCC_WARN_UNUSED_VARIABLE = YES;
				MACOSX_DEPLOYMENT_TARGET = 10.12;
				MTL_ENABLE_DEBUG_INFO = NO;
				SDKROOT = macosx;
				SWIFT_OPTIMIZATION_LEVEL = "-Owholemodule";
			};
			name = Release;
		};
		165E17A61F80038E00A29319 /* Debug */ = {
			isa = XCBuildConfiguration;
			buildSettings = {
				ASSETCATALOG_COMPILER_APPICON_NAME = AppIcon;
				CODE_SIGN_ENTITLEMENTS = "RocketWidget/Supporting Files/RocketWidget.entitlements";
				CODE_SIGN_STYLE = Automatic;
				COMBINE_HIDPI_IMAGES = YES;
				DEVELOPMENT_TEAM = 4DNTYH93JQ;
				INFOPLIST_FILE = "RocketWidget/Supporting Files/Info.plist";
				LD_RUNPATH_SEARCH_PATHS = "$(inherited) @executable_path/../Frameworks";
				PRODUCT_BUNDLE_IDENTIFIER = com.surik00.RocketWidget;
				PRODUCT_NAME = "$(TARGET_NAME)";
				SWIFT_VERSION = 4.0;
			};
			name = Debug;
		};
		165E17A71F80038E00A29319 /* Release */ = {
			isa = XCBuildConfiguration;
			buildSettings = {
				ASSETCATALOG_COMPILER_APPICON_NAME = AppIcon;
				CODE_SIGN_ENTITLEMENTS = "RocketWidget/Supporting Files/RocketWidget.entitlements";
				CODE_SIGN_STYLE = Automatic;
				COMBINE_HIDPI_IMAGES = YES;
				DEVELOPMENT_TEAM = 4DNTYH93JQ;
				INFOPLIST_FILE = "RocketWidget/Supporting Files/Info.plist";
				LD_RUNPATH_SEARCH_PATHS = "$(inherited) @executable_path/../Frameworks";
				PRODUCT_BUNDLE_IDENTIFIER = com.surik00.RocketWidget;
				PRODUCT_NAME = "$(TARGET_NAME)";
				SWIFT_VERSION = 4.0;
			};
			name = Release;
		};
/* End XCBuildConfiguration section */

/* Begin XCConfigurationList section */
		165E17901F80038E00A29319 /* Build configuration list for PBXProject "RocketWidget" */ = {
			isa = XCConfigurationList;
			buildConfigurations = (
				165E17A31F80038E00A29319 /* Debug */,
				165E17A41F80038E00A29319 /* Release */,
			);
			defaultConfigurationIsVisible = 0;
			defaultConfigurationName = Release;
		};
		165E17A51F80038E00A29319 /* Build configuration list for PBXNativeTarget "RocketWidget" */ = {
			isa = XCConfigurationList;
			buildConfigurations = (
				165E17A61F80038E00A29319 /* Debug */,
				165E17A71F80038E00A29319 /* Release */,
			);
			defaultConfigurationIsVisible = 0;
			defaultConfigurationName = Release;
		};
/* End XCConfigurationList section */
	};
	rootObject = 165E178D1F80038E00A29319 /* Project object */;
}
